
Microsoft Visual Studio Solution File, Format Version 12.00
# Visual Studio Version 17
VisualStudioVersion = 17.14.36616.10
MinimumVisualStudioVersion = 10.0.40219.1
Project("{FAE04EC0-301F-11D3-BF4B-00C04F79EFBC}") = "DataBinding.DataObject", "DataBinding.DataObject\DataBinding.DataObject.csproj", "{39A1F4A4-D6CC-4828-91E9-88624BE36836}"
EndProject
Project("{FAE04EC0-301F-11D3-BF4B-00C04F79EFBC}") = "DataBinding.XamlElement", "DataBinding.XamlElement\DataBinding.XamlElement.csproj", "{83F01A0A-278C-4971-894B-7CCE187D963B}"
EndProject
Project("{FAE04EC0-301F-11D3-BF4B-00C04F79EFBC}") = "DataBinding.Coleccion", "DataBinding.Coleccion\DataBinding.Coleccion.csproj", "{BEC52D4C-CB2A-44E4-9FAC-5A929B404590}"
EndProject
Global
	GlobalSection(SolutionConfigurationPlatforms) = preSolution
		Debug|Any CPU = Debug|Any CPU
		Release|Any CPU = Release|Any CPU
	EndGlobalSection
	GlobalSection(ProjectConfigurationPlatforms) = postSolution
		{39A1F4A4-D6CC-4828-91E9-88624BE36836}.Debug|Any CPU.ActiveCfg = Debug|Any CPU
		{39A1F4A4-D6CC-4828-91E9-88624BE36836}.Debug|Any CPU.Build.0 = Debug|Any CPU
		{39A1F4A4-D6CC-4828-91E9-88624BE36836}.Release|Any CPU.ActiveCfg = Release|Any CPU
		{39A1F4A4-D6CC-4828-91E9-88624BE36836}.Release|Any CPU.Build.0 = Release|Any CPU
		{83F01A0A-278C-4971-894B-7CCE187D963B}.Debug|Any CPU.ActiveCfg = Debug|Any CPU
		{83F01A0A-278C-4971-894B-7CCE187D963B}.Debug|Any CPU.Build.0 = Debug|Any CPU
		{83F01A0A-278C-4971-894B-7CCE187D963B}.Debug|Any CPU.Deploy.0 = Debug|Any CPU
		{83F01A0A-278C-4971-894B-7CCE187D963B}.Release|Any CPU.ActiveCfg = Release|Any CPU
		{83F01A0A-278C-4971-894B-7CCE187D963B}.Release|Any CPU.Build.0 = Release|Any CPU
		{BEC52D4C-CB2A-44E4-9FAC-5A929B404590}.Debug|Any CPU.ActiveCfg = Debug|Any CPU
		{BEC52D4C-CB2A-44E4-9FAC-5A929B404590}.Debug|Any CPU.Build.0 = Debug|Any CPU
		{BEC52D4C-CB2A-44E4-9FAC-5A929B404590}.Debug|Any CPU.Deploy.0 = Debug|Any CPU
		{BEC52D4C-CB2A-44E4-9FAC-5A929B404590}.Release|Any CPU.ActiveCfg = Release|Any CPU
		{BEC52D4C-CB2A-44E4-9FAC-5A929B404590}.Release|Any CPU.Build.0 = Release|Any CPU
	EndGlobalSection
	GlobalSection(SolutionProperties) = preSolution
		HideSolutionNode = FALSE
	EndGlobalSection
	GlobalSection(ExtensibilityGlobals) = postSolution
		SolutionGuid = {3323DC7E-EA3A-4D3E-B726-A6235C1E04FC}
	EndGlobalSection
EndGlobal
